
Microsoft Visual Studio Solution File, Format Version 12.00
# Visual Studio Version 17
VisualStudioVersion = 17.14.36221.1
MinimumVisualStudioVersion = 10.0.40219.1
Project("{FAE04EC0-301F-11D3-BF4B-00C04F79EFBC}") = "TimedFunctions", "TimedFunctions\TimedFunctions.csproj", "{C651E394-D91F-405E-84BC-81BEEB12CC72}"
EndProject
Project("{FAE04EC0-301F-11D3-BF4B-00C04F79EFBC}") = "TimedFunctionTest", "TimedFunctionTest\TimedFunctionTest.csproj", "{6C28D2E5-7FC2-40EF-A159-F09E8F6F5298}"
EndProject
Project("{2150E333-8FDC-42A3-9474-1A3956D46DE8}") = "SolutionFiles", "SolutionFiles", "{02EA681E-C7D8-13C7-8484-4AC65E1B71E8}"
	ProjectSection(SolutionItems) = preProject
		BuildAndPack.bat = BuildAndPack.bat
		README.md = README.md
	EndProjectSection
EndProject
Global
	GlobalSection(SolutionConfigurationPlatforms) = preSolution
		Debug|Any CPU = Debug|Any CPU
		Release|Any CPU = Release|Any CPU
	EndGlobalSection
	GlobalSection(ProjectConfigurationPlatforms) = postSolution
		{C651E394-D91F-405E-84BC-81BEEB12CC72}.Debug|Any CPU.ActiveCfg = Debug|Any CPU
		{C651E394-D91F-405E-84BC-81BEEB12CC72}.Debug|Any CPU.Build.0 = Debug|Any CPU
		{C651E394-D91F-405E-84BC-81BEEB12CC72}.Release|Any CPU.ActiveCfg = Release|Any CPU
		{C651E394-D91F-405E-84BC-81BEEB12CC72}.Release|Any CPU.Build.0 = Release|Any CPU
		{6C28D2E5-7FC2-40EF-A159-F09E8F6F5298}.Debug|Any CPU.ActiveCfg = Debug|Any CPU
		{6C28D2E5-7FC2-40EF-A159-F09E8F6F5298}.Debug|Any CPU.Build.0 = Debug|Any CPU
		{6C28D2E5-7FC2-40EF-A159-F09E8F6F5298}.Release|Any CPU.ActiveCfg = Release|Any CPU
		{6C28D2E5-7FC2-40EF-A159-F09E8F6F5298}.Release|Any CPU.Build.0 = Release|Any CPU
	EndGlobalSection
	GlobalSection(SolutionProperties) = preSolution
		HideSolutionNode = FALSE
	EndGlobalSection
	GlobalSection(ExtensibilityGlobals) = postSolution
		SolutionGuid = {837E5B23-EA1B-4218-9231-D82D057559C1}
	EndGlobalSection
EndGlobal
